// !$*UTF8*$!
{
	archiveVersion = 1;
	classes = {
	};
	objectVersion = 50;
	objects = {

/* Begin PBXBuildFile section */
		6A6E1B8124714374007CF2EE /* Room.swift in Sources */ = {isa = PBXBuildFile; fileRef = 6A6E1B7524714374007CF2EE /* Room.swift */; };
		6A6E1B8224714374007CF2EE /* Items.swift in Sources */ = {isa = PBXBuildFile; fileRef = 6A6E1B7724714374007CF2EE /* Items.swift */; };
		6A6E1B8324714374007CF2EE /* Graal.swift in Sources */ = {isa = PBXBuildFile; fileRef = 6A6E1B7824714374007CF2EE /* Graal.swift */; };
		6A6E1B8424714374007CF2EE /* Torch.swift in Sources */ = {isa = PBXBuildFile; fileRef = 6A6E1B7924714374007CF2EE /* Torch.swift */; };
		6A6E1B8524714374007CF2EE /* Sword.swift in Sources */ = {isa = PBXBuildFile; fileRef = 6A6E1B7A24714374007CF2EE /* Sword.swift */; };
		6A6E1B8624714374007CF2EE /* Key.swift in Sources */ = {isa = PBXBuildFile; fileRef = 6A6E1B7B24714374007CF2EE /* Key.swift */; };
		6A6E1B8724714374007CF2EE /* Food.swift in Sources */ = {isa = PBXBuildFile; fileRef = 6A6E1B7C24714374007CF2EE /* Food.swift */; };
		6A6E1B8824714374007CF2EE /* Chest.swift in Sources */ = {isa = PBXBuildFile; fileRef = 6A6E1B7D24714374007CF2EE /* Chest.swift */; };
		6A6E1B8924714374007CF2EE /* Door.swift in Sources */ = {isa = PBXBuildFile; fileRef = 6A6E1B7E24714374007CF2EE /* Door.swift */; };
		6A6E1B8A24714374007CF2EE /* Gamer.swift in Sources */ = {isa = PBXBuildFile; fileRef = 6A6E1B7F24714374007CF2EE /* Gamer.swift */; };
		6A6E1B8B24714374007CF2EE /* Labyrinth.swift in Sources */ = {isa = PBXBuildFile; fileRef = 6A6E1B8024714374007CF2EE /* Labyrinth.swift */; };
		6A6E1B8F24714E9E007CF2EE /* CreatorLabyrinth.swift in Sources */ = {isa = PBXBuildFile; fileRef = 6A6E1B8E24714E9E007CF2EE /* CreatorLabyrinth.swift */; };
		6A6E1B9124715527007CF2EE /* Check.swift in Sources */ = {isa = PBXBuildFile; fileRef = 6A6E1B9024715527007CF2EE /* Check.swift */; };
		6A6E1B9F247160B0007CF2EE /* CreatorGamer.swift in Sources */ = {isa = PBXBuildFile; fileRef = 6A6E1B9E247160B0007CF2EE /* CreatorGamer.swift */; };
		6AA10B772478128600C0E4FF /* Command.swift in Sources */ = {isa = PBXBuildFile; fileRef = 6AA10B762478128600C0E4FF /* Command.swift */; };
		6AA10B79247819B200C0E4FF /* CreatorRooms.swift in Sources */ = {isa = PBXBuildFile; fileRef = 6AA10B78247819B200C0E4FF /* CreatorRooms.swift */; };
		6AA10B7B2479329000C0E4FF /*  Interpreter.swift in Sources */ = {isa = PBXBuildFile; fileRef = 6AA10B7A2479329000C0E4FF /*  Interpreter.swift */; };
		6AEF6C3224713DF3003FCA1F /* main.swift in Sources */ = {isa = PBXBuildFile; fileRef = 6AEF6C3124713DF3003FCA1F /* main.swift */; };
/* End PBXBuildFile section */

/* Begin PBXCopyFilesBuildPhase section */
		6AEF6C2C24713DF3003FCA1F /* CopyFiles */ = {
			isa = PBXCopyFilesBuildPhase;
			buildActionMask = 2147483647;
			dstPath = /usr/share/man/man1/;
			dstSubfolderSpec = 0;
			files = (
			);
			runOnlyForDeploymentPostprocessing = 1;
		};
/* End PBXCopyFilesBuildPhase section */

/* Begin PBXFileReference section */
		6A6E1B7524714374007CF2EE /* Room.swift */ = {isa = PBXFileReference; fileEncoding = 4; lastKnownFileType = sourcecode.swift; path = Room.swift; sourceTree = "<group>"; };
		6A6E1B7724714374007CF2EE /* Items.swift */ = {isa = PBXFileReference; fileEncoding = 4; lastKnownFileType = sourcecode.swift; path = Items.swift; sourceTree = "<group>"; };
		6A6E1B7824714374007CF2EE /* Graal.swift */ = {isa = PBXFileReference; fileEncoding = 4; lastKnownFileType = sourcecode.swift; path = Graal.swift; sourceTree = "<group>"; };
		6A6E1B7924714374007CF2EE /* Torch.swift */ = {isa = PBXFileReference; fileEncoding = 4; lastKnownFileType = sourcecode.swift; path = Torch.swift; sourceTree = "<group>"; };
		6A6E1B7A24714374007CF2EE /* Sword.swift */ = {isa = PBXFileReference; fileEncoding = 4; lastKnownFileType = sourcecode.swift; path = Sword.swift; sourceTree = "<group>"; };
		6A6E1B7B24714374007CF2EE /* Key.swift */ = {isa = PBXFileReference; fileEncoding = 4; lastKnownFileType = sourcecode.swift; path = Key.swift; sourceTree = "<group>"; };
		6A6E1B7C24714374007CF2EE /* Food.swift */ = {isa = PBXFileReference; fileEncoding = 4; lastKnownFileType = sourcecode.swift; path = Food.swift; sourceTree = "<group>"; };
		6A6E1B7D24714374007CF2EE /* Chest.swift */ = {isa = PBXFileReference; fileEncoding = 4; lastKnownFileType = sourcecode.swift; path = Chest.swift; sourceTree = "<group>"; };
		6A6E1B7E24714374007CF2EE /* Door.swift */ = {isa = PBXFileReference; fileEncoding = 4; lastKnownFileType = sourcecode.swift; path = Door.swift; sourceTree = "<group>"; };
		6A6E1B7F24714374007CF2EE /* Gamer.swift */ = {isa = PBXFileReference; fileEncoding = 4; lastKnownFileType = sourcecode.swift; path = Gamer.swift; sourceTree = "<group>"; };
		6A6E1B8024714374007CF2EE /* Labyrinth.swift */ = {isa = PBXFileReference; fileEncoding = 4; lastKnownFileType = sourcecode.swift; path = Labyrinth.swift; sourceTree = "<group>"; };
		6A6E1B8E24714E9E007CF2EE /* CreatorLabyrinth.swift */ = {isa = PBXFileReference; lastKnownFileType = sourcecode.swift; path = CreatorLabyrinth.swift; sourceTree = "<group>"; };
		6A6E1B9024715527007CF2EE /* Check.swift */ = {isa = PBXFileReference; lastKnownFileType = sourcecode.swift; path = Check.swift; sourceTree = "<group>"; };
		6A6E1B9E247160B0007CF2EE /* CreatorGamer.swift */ = {isa = PBXFileReference; lastKnownFileType = sourcecode.swift; path = CreatorGamer.swift; sourceTree = "<group>"; };
		6AA10B762478128600C0E4FF /* Command.swift */ = {isa = PBXFileReference; lastKnownFileType = sourcecode.swift; path = Command.swift; sourceTree = "<group>"; };
		6AA10B78247819B200C0E4FF /* CreatorRooms.swift */ = {isa = PBXFileReference; lastKnownFileType = sourcecode.swift; path = CreatorRooms.swift; sourceTree = "<group>"; };
		6AA10B7A2479329000C0E4FF /*  Interpreter.swift */ = {isa = PBXFileReference; lastKnownFileType = sourcecode.swift; path = " Interpreter.swift"; sourceTree = "<group>"; };
		6AEF6C2E24713DF3003FCA1F /* Labyrinth */ = {isa = PBXFileReference; explicitFileType = "compiled.mach-o.executable"; includeInIndex = 0; path = Labyrinth; sourceTree = BUILT_PRODUCTS_DIR; };
		6AEF6C3124713DF3003FCA1F /* main.swift */ = {isa = PBXFileReference; lastKnownFileType = sourcecode.swift; path = main.swift; sourceTree = "<group>"; };
/* End PBXFileReference section */

/* Begin PBXFrameworksBuildPhase section */
		6AEF6C2B24713DF3003FCA1F /* Frameworks */ = {
			isa = PBXFrameworksBuildPhase;
			buildActionMask = 2147483647;
			files = (
			);
			runOnlyForDeploymentPostprocessing = 0;
		};
/* End PBXFrameworksBuildPhase section */

/* Begin PBXGroup section */
		6A6E1B7424714374007CF2EE /* Model */ = {
			isa = PBXGroup;
			children = (
				6A6E1B7624714374007CF2EE /* Things */,
				6A6E1B7524714374007CF2EE /* Room.swift */,
				6A6E1B7E24714374007CF2EE /* Door.swift */,
				6A6E1B7F24714374007CF2EE /* Gamer.swift */,
				6A6E1B8024714374007CF2EE /* Labyrinth.swift */,
			);
			path = Model;
			sourceTree = "<group>";
		};
		6A6E1B7624714374007CF2EE /* Things */ = {
			isa = PBXGroup;
			children = (
				6A6E1B7724714374007CF2EE /* Items.swift */,
				6A6E1B7D24714374007CF2EE /* Chest.swift */,
				6A6E1B7824714374007CF2EE /* Graal.swift */,
				6A6E1B7924714374007CF2EE /* Torch.swift */,
				6A6E1B7A24714374007CF2EE /* Sword.swift */,
				6A6E1B7B24714374007CF2EE /* Key.swift */,
				6A6E1B7C24714374007CF2EE /* Food.swift */,
			);
			path = Things;
			sourceTree = "<group>";
		};
		6A6E1B8C247148CA007CF2EE /* Controller */ = {
			isa = PBXGroup;
			children = (
				6A6E1B8E24714E9E007CF2EE /* CreatorLabyrinth.swift */,
				6A6E1B9024715527007CF2EE /* Check.swift */,
				6A6E1B9E247160B0007CF2EE /* CreatorGamer.swift */,
				6AA10B78247819B200C0E4FF /* CreatorRooms.swift */,
				6AA10B7A2479329000C0E4FF /*  Interpreter.swift */,
			);
			path = Controller;
			sourceTree = "<group>";
		};
		6A6E1B8D247148DA007CF2EE /* View */ = {
			isa = PBXGroup;
			children = (
				6AA10B762478128600C0E4FF /* Command.swift */,
			);
			path = View;
			sourceTree = "<group>";
		};
		6AEF6C2524713DF3003FCA1F = {
			isa = PBXGroup;
			children = (
				6AEF6C3024713DF3003FCA1F /* Labyrinth */,
				6AEF6C2F24713DF3003FCA1F /* Products */,
			);
			sourceTree = "<group>";
		};
		6AEF6C2F24713DF3003FCA1F /* Products */ = {
			isa = PBXGroup;
			children = (
				6AEF6C2E24713DF3003FCA1F /* Labyrinth */,
			);
			name = Products;
			sourceTree = "<group>";
		};
		6AEF6C3024713DF3003FCA1F /* Labyrinth */ = {
			isa = PBXGroup;
			children = (
				6A6E1B8D247148DA007CF2EE /* View */,
				6A6E1B8C247148CA007CF2EE /* Controller */,
				6A6E1B7424714374007CF2EE /* Model */,
				6AEF6C3124713DF3003FCA1F /* main.swift */,
			);
			path = Labyrinth;
			sourceTree = "<group>";
		};
/* End PBXGroup section */

/* Begin PBXNativeTarget section */
		6AEF6C2D24713DF3003FCA1F /* Labyrinth */ = {
			isa = PBXNativeTarget;
			buildConfigurationList = 6AEF6C3524713DF3003FCA1F /* Build configuration list for PBXNativeTarget "Labyrinth" */;
			buildPhases = (
				6AEF6C2A24713DF3003FCA1F /* Sources */,
				6AEF6C2B24713DF3003FCA1F /* Frameworks */,
				6AEF6C2C24713DF3003FCA1F /* CopyFiles */,
			);
			buildRules = (
			);
			dependencies = (
			);
			name = Labyrinth;
			productName = Labyrinth;
			productReference = 6AEF6C2E24713DF3003FCA1F /* Labyrinth */;
			productType = "com.apple.product-type.tool";
		};
/* End PBXNativeTarget section */

/* Begin PBXProject section */
		6AEF6C2624713DF3003FCA1F /* Project object */ = {
			isa = PBXProject;
			attributes = {
				LastSwiftUpdateCheck = 1130;
				LastUpgradeCheck = 1130;
				ORGANIZATIONNAME = cladendas;
				TargetAttributes = {
					6AEF6C2D24713DF3003FCA1F = {
						CreatedOnToolsVersion = 11.3.1;
					};
				};
			};
			buildConfigurationList = 6AEF6C2924713DF3003FCA1F /* Build configuration list for PBXProject "Labyrinth" */;
			compatibilityVersion = "Xcode 9.3";
			developmentRegion = en;
			hasScannedForEncodings = 0;
			knownRegions = (
				en,
				Base,
			);
			mainGroup = 6AEF6C2524713DF3003FCA1F;
			productRefGroup = 6AEF6C2F24713DF3003FCA1F /* Products */;
			projectDirPath = "";
			projectRoot = "";
			targets = (
				6AEF6C2D24713DF3003FCA1F /* Labyrinth */,
			);
		};
/* End PBXProject section */

/* Begin PBXSourcesBuildPhase section */
		6AEF6C2A24713DF3003FCA1F /* Sources */ = {
			isa = PBXSourcesBuildPhase;
			buildActionMask = 2147483647;
			files = (
				6A6E1B9124715527007CF2EE /* Check.swift in Sources */,
				6A6E1B8624714374007CF2EE /* Key.swift in Sources */,
				6A6E1B8124714374007CF2EE /* Room.swift in Sources */,
				6A6E1B8F24714E9E007CF2EE /* CreatorLabyrinth.swift in Sources */,
				6A6E1B8424714374007CF2EE /* Torch.swift in Sources */,
				6A6E1B8A24714374007CF2EE /* Gamer.swift in Sources */,
				6A6E1B8924714374007CF2EE /* Door.swift in Sources */,
				6A6E1B8324714374007CF2EE /* Graal.swift in Sources */,
				6A6E1B8224714374007CF2EE /* Items.swift in Sources */,
				6AA10B772478128600C0E4FF /* Command.swift in Sources */,
				6A6E1B9F247160B0007CF2EE /* CreatorGamer.swift in Sources */,
				6AA10B79247819B200C0E4FF /* CreatorRooms.swift in Sources */,
				6A6E1B8B24714374007CF2EE /* Labyrinth.swift in Sources */,
				6AA10B7B2479329000C0E4FF /*  Interpreter.swift in Sources */,
				6A6E1B8724714374007CF2EE /* Food.swift in Sources */,
				6A6E1B8824714374007CF2EE /* Chest.swift in Sources */,
				6AEF6C3224713DF3003FCA1F /* main.swift in Sources */,
				6A6E1B8524714374007CF2EE /* Sword.swift in Sources */,
			);
			runOnlyForDeploymentPostprocessing = 0;
		};
/* End PBXSourcesBuildPhase section */

/* Begin XCBuildConfiguration section */
		6AEF6C3324713DF3003FCA1F /* Debug */ = {
			isa = XCBuildConfiguration;
			buildSettings = {
				ALWAYS_SEARCH_USER_PATHS = NO;
				CLANG_ANALYZER_NONNULL = YES;
				CLANG_ANALYZER_NUMBER_OBJECT_CONVERSION = YES_AGGRESSIVE;
				CLANG_CXX_LANGUAGE_STANDARD = "gnu++14";
				CLANG_CXX_LIBRARY = "libc++";
				CLANG_ENABLE_MODULES = YES;
				CLANG_ENABLE_OBJC_ARC = YES;
				CLANG_ENABLE_OBJC_WEAK = YES;
				CLANG_WARN_BLOCK_CAPTURE_AUTORELEASING = YES;
				CLANG_WARN_BOOL_CONVERSION = YES;
				CLANG_WARN_COMMA = YES;
				CLANG_WARN_CONSTANT_CONVERSION = YES;
				CLANG_WARN_DEPRECATED_OBJC_IMPLEMENTATIONS = YES;
				CLANG_WARN_DIRECT_OBJC_ISA_USAGE = YES_ERROR;
				CLANG_WARN_DOCUMENTATION_COMMENTS = YES;
				CLANG_WARN_EMPTY_BODY = YES;
				CLANG_WARN_ENUM_CONVERSION = YES;
				CLANG_WARN_INFINITE_RECURSION = YES;
				CLANG_WARN_INT_CONVERSION = YES;
				CLANG_WARN_NON_LITERAL_NULL_CONVERSION = YES;
				CLANG_WARN_OBJC_IMPLICIT_RETAIN_SELF = YES;
				CLANG_WARN_OBJC_LITERAL_CONVERSION = YES;
				CLANG_WARN_OBJC_ROOT_CLASS = YES_ERROR;
				CLANG_WARN_RANGE_LOOP_ANALYSIS = YES;
				CLANG_WARN_STRICT_PROTOTYPES = YES;
				CLANG_WARN_SUSPICIOUS_MOVE = YES;
				CLANG_WARN_UNGUARDED_AVAILABILITY = YES_AGGRESSIVE;
				CLANG_WARN_UNREACHABLE_CODE = YES;
				CLANG_WARN__DUPLICATE_METHOD_MATCH = YES;
				COPY_PHASE_STRIP = NO;
				DEBUG_INFORMATION_FORMAT = dwarf;
				ENABLE_STRICT_OBJC_MSGSEND = YES;
				ENABLE_TESTABILITY = YES;
				GCC_C_LANGUAGE_STANDARD = gnu11;
				GCC_DYNAMIC_NO_PIC = NO;
				GCC_NO_COMMON_BLOCKS = YES;
				GCC_OPTIMIZATION_LEVEL = 0;
				GCC_PREPROCESSOR_DEFINITIONS = (
					"DEBUG=1",
					"$(inherited)",
				);
				GCC_WARN_64_TO_32_BIT_CONVERSION = YES;
				GCC_WARN_ABOUT_RETURN_TYPE = YES_ERROR;
				GCC_WARN_UNDECLARED_SELECTOR = YES;
				GCC_WARN_UNINITIALIZED_AUTOS = YES_AGGRESSIVE;
				GCC_WARN_UNUSED_FUNCTION = YES;
				GCC_WARN_UNUSED_VARIABLE = YES;
				MACOSX_DEPLOYMENT_TARGET = 10.15;
				MTL_ENABLE_DEBUG_INFO = INCLUDE_SOURCE;
				MTL_FAST_MATH = YES;
				ONLY_ACTIVE_ARCH = YES;
				SDKROOT = macosx;
				SWIFT_ACTIVE_COMPILATION_CONDITIONS = DEBUG;
				SWIFT_OPTIMIZATION_LEVEL = "-Onone";
			};
			name = Debug;
		};
		6AEF6C3424713DF3003FCA1F /* Release */ = {
			isa = XCBuildConfiguration;
			buildSettings = {
				ALWAYS_SEARCH_USER_PATHS = NO;
				CLANG_ANALYZER_NONNULL = YES;
				CLANG_ANALYZER_NUMBER_OBJECT_CONVERSION = YES_AGGRESSIVE;
				CLANG_CXX_LANGUAGE_STANDARD = "gnu++14";
				CLANG_CXX_LIBRARY = "libc++";
				CLANG_ENABLE_MODULES = YES;
				CLANG_ENABLE_OBJC_ARC = YES;
				CLANG_ENABLE_OBJC_WEAK = YES;
				CLANG_WARN_BLOCK_CAPTURE_AUTORELEASING = YES;
				CLANG_WARN_BOOL_CONVERSION = YES;
				CLANG_WARN_COMMA = YES;
				CLANG_WARN_CONSTANT_CONVERSION = YES;
				CLANG_WARN_DEPRECATED_OBJC_IMPLEMENTATIONS = YES;
				CLANG_WARN_DIRECT_OBJC_ISA_USAGE = YES_ERROR;
				CLANG_WARN_DOCUMENTATION_COMMENTS = YES;
				CLANG_WARN_EMPTY_BODY = YES;
				CLANG_WARN_ENUM_CONVERSION = YES;
				CLANG_WARN_INFINITE_RECURSION = YES;
				CLANG_WARN_INT_CONVERSION = YES;
				CLANG_WARN_NON_LITERAL_NULL_CONVERSION = YES;
				CLANG_WARN_OBJC_IMPLICIT_RETAIN_SELF = YES;
				CLANG_WARN_OBJC_LITERAL_CONVERSION = YES;
				CLANG_WARN_OBJC_ROOT_CLASS = YES_ERROR;
				CLANG_WARN_RANGE_LOOP_ANALYSIS = YES;
				CLANG_WARN_STRICT_PROTOTYPES = YES;
				CLANG_WARN_SUSPICIOUS_MOVE = YES;
				CLANG_WARN_UNGUARDED_AVAILABILITY = YES_AGGRESSIVE;
				CLANG_WARN_UNREACHABLE_CODE = YES;
				CLANG_WARN__DUPLICATE_METHOD_MATCH = YES;
				COPY_PHASE_STRIP = NO;
				DEBUG_INFORMATION_FORMAT = "dwarf-with-dsym";
				ENABLE_NS_ASSERTIONS = NO;
				ENABLE_STRICT_OBJC_MSGSEND = YES;
				GCC_C_LANGUAGE_STANDARD = gnu11;
				GCC_NO_COMMON_BLOCKS = YES;
				GCC_WARN_64_TO_32_BIT_CONVERSION = YES;
				GCC_WARN_ABOUT_RETURN_TYPE = YES_ERROR;
				GCC_WARN_UNDECLARED_SELECTOR = YES;
				GCC_WARN_UNINITIALIZED_AUTOS = YES_AGGRESSIVE;
				GCC_WARN_UNUSED_FUNCTION = YES;
				GCC_WARN_UNUSED_VARIABLE = YES;
				MACOSX_DEPLOYMENT_TARGET = 10.15;
				MTL_ENABLE_DEBUG_INFO = NO;
				MTL_FAST_MATH = YES;
				SDKROOT = macosx;
				SWIFT_COMPILATION_MODE = wholemodule;
				SWIFT_OPTIMIZATION_LEVEL = "-O";
			};
			name = Release;
		};
		6AEF6C3624713DF3003FCA1F /* Debug */ = {
			isa = XCBuildConfiguration;
			buildSettings = {
				CODE_SIGN_STYLE = Automatic;
				PRODUCT_NAME = "$(TARGET_NAME)";
				SWIFT_VERSION = 5.0;
			};
			name = Debug;
		};
		6AEF6C3724713DF3003FCA1F /* Release */ = {
			isa = XCBuildConfiguration;
			buildSettings = {
				CODE_SIGN_STYLE = Automatic;
				PRODUCT_NAME = "$(TARGET_NAME)";
				SWIFT_VERSION = 5.0;
			};
			name = Release;
		};
/* End XCBuildConfiguration section */

/* Begin XCConfigurationList section */
		6AEF6C2924713DF3003FCA1F /* Build configuration list for PBXProject "Labyrinth" */ = {
			isa = XCConfigurationList;
			buildConfigurations = (
				6AEF6C3324713DF3003FCA1F /* Debug */,
				6AEF6C3424713DF3003FCA1F /* Release */,
			);
			defaultConfigurationIsVisible = 0;
			defaultConfigurationName = Release;
		};
		6AEF6C3524713DF3003FCA1F /* Build configuration list for PBXNativeTarget "Labyrinth" */ = {
			isa = XCConfigurationList;
			buildConfigurations = (
				6AEF6C3624713DF3003FCA1F /* Debug */,
				6AEF6C3724713DF3003FCA1F /* Release */,
			);
			defaultConfigurationIsVisible = 0;
			defaultConfigurationName = Release;
		};
/* End XCConfigurationList section */
	};
	rootObject = 6AEF6C2624713DF3003FCA1F /* Project object */;
}
